// !$*UTF8*$!
{
	archiveVersion = 1;
	classes = {
	};
	objectVersion = 50;
	objects = {

/* Begin PBXBuildFile section */
		00EB818F2130C53F00CC0620 /* AppDelegate.swift in Sources */ = {isa = PBXBuildFile; fileRef = 00EB818E2130C53F00CC0620 /* AppDelegate.swift */; };
		00EB81912130C53F00CC0620 /* ViewController.swift in Sources */ = {isa = PBXBuildFile; fileRef = 00EB81902130C53F00CC0620 /* ViewController.swift */; };
		00EB81942130C53F00CC0620 /* Main.storyboard in Resources */ = {isa = PBXBuildFile; fileRef = 00EB81922130C53F00CC0620 /* Main.storyboard */; };
		00EB81962130C54300CC0620 /* Assets.xcassets in Resources */ = {isa = PBXBuildFile; fileRef = 00EB81952130C54300CC0620 /* Assets.xcassets */; };
		00EB81992130C54300CC0620 /* LaunchScreen.storyboard in Resources */ = {isa = PBXBuildFile; fileRef = 00EB81972130C54300CC0620 /* LaunchScreen.storyboard */; };
		2CD4A74673BDB00A71C79CD8 /* Pods_paypalDemo.framework in Frameworks */ = {isa = PBXBuildFile; fileRef = 4DA9BE279B62A1AC19FE66AA /* Pods_paypalDemo.framework */; };
/* End PBXBuildFile section */

/* Begin PBXFileReference section */
		00361A9821342DDE007BD6A2 /* Paypal-Header.h */ = {isa = PBXFileReference; lastKnownFileType = sourcecode.c.h; path = "Paypal-Header.h"; sourceTree = "<group>"; };
		00EB818B2130C53F00CC0620 /* paypalDemo.app */ = {isa = PBXFileReference; explicitFileType = wrapper.application; includeInIndex = 0; path = paypalDemo.app; sourceTree = BUILT_PRODUCTS_DIR; };
		00EB818E2130C53F00CC0620 /* AppDelegate.swift */ = {isa = PBXFileReference; lastKnownFileType = sourcecode.swift; path = AppDelegate.swift; sourceTree = "<group>"; };
		00EB81902130C53F00CC0620 /* ViewController.swift */ = {isa = PBXFileReference; lastKnownFileType = sourcecode.swift; path = ViewController.swift; sourceTree = "<group>"; };
		00EB81932130C53F00CC0620 /* Base */ = {isa = PBXFileReference; lastKnownFileType = file.storyboard; name = Base; path = Base.lproj/Main.storyboard; sourceTree = "<group>"; };
		00EB81952130C54300CC0620 /* Assets.xcassets */ = {isa = PBXFileReference; lastKnownFileType = folder.assetcatalog; path = Assets.xcassets; sourceTree = "<group>"; };
		00EB81982130C54300CC0620 /* Base */ = {isa = PBXFileReference; lastKnownFileType = file.storyboard; name = Base; path = Base.lproj/LaunchScreen.storyboard; sourceTree = "<group>"; };
		00EB819A2130C54300CC0620 /* Info.plist */ = {isa = PBXFileReference; lastKnownFileType = text.plist.xml; path = Info.plist; sourceTree = "<group>"; };
		00EB81A02130C54D00CC0620 /* paypalDemo.entitlements */ = {isa = PBXFileReference; lastKnownFileType = text.plist.entitlements; path = paypalDemo.entitlements; sourceTree = "<group>"; };
		11FFEEA58553AA3C8C130AFE /* Pods-paypalDemo.debug.xcconfig */ = {isa = PBXFileReference; includeInIndex = 1; lastKnownFileType = text.xcconfig; name = "Pods-paypalDemo.debug.xcconfig"; path = "Pods/Target Support Files/Pods-paypalDemo/Pods-paypalDemo.debug.xcconfig"; sourceTree = "<group>"; };
		4DA9BE279B62A1AC19FE66AA /* Pods_paypalDemo.framework */ = {isa = PBXFileReference; explicitFileType = wrapper.framework; includeInIndex = 0; path = Pods_paypalDemo.framework; sourceTree = BUILT_PRODUCTS_DIR; };
		F7D382748D8E19BDE9AC344E /* Pods-paypalDemo.release.xcconfig */ = {isa = PBXFileReference; includeInIndex = 1; lastKnownFileType = text.xcconfig; name = "Pods-paypalDemo.release.xcconfig"; path = "Pods/Target Support Files/Pods-paypalDemo/Pods-paypalDemo.release.xcconfig"; sourceTree = "<group>"; };
/* End PBXFileReference section */

/* Begin PBXFrameworksBuildPhase section */
		00EB81882130C53F00CC0620 /* Frameworks */ = {
			isa = PBXFrameworksBuildPhase;
			buildActionMask = 2147483647;
			files = (
				2CD4A74673BDB00A71C79CD8 /* Pods_paypalDemo.framework in Frameworks */,
			);
			runOnlyForDeploymentPostprocessing = 0;
		};
/* End PBXFrameworksBuildPhase section */

/* Begin PBXGroup section */
		00EB81822130C53F00CC0620 = {
			isa = PBXGroup;
			children = (
				00361A9821342DDE007BD6A2 /* Paypal-Header.h */,
				00EB818D2130C53F00CC0620 /* paypalDemo */,
				00EB818C2130C53F00CC0620 /* Products */,
				049CF9914A6A3F2EDF61AF3E /* Pods */,
				DDC781196B2961D7FB9F32EE /* Frameworks */,
			);
			sourceTree = "<group>";
		};
		00EB818C2130C53F00CC0620 /* Products */ = {
			isa = PBXGroup;
			children = (
				00EB818B2130C53F00CC0620 /* paypalDemo.app */,
			);
			name = Products;
			sourceTree = "<group>";
		};
		00EB818D2130C53F00CC0620 /* paypalDemo */ = {
			isa = PBXGroup;
			children = (
				00EB81A02130C54D00CC0620 /* paypalDemo.entitlements */,
				00EB818E2130C53F00CC0620 /* AppDelegate.swift */,
				00EB81902130C53F00CC0620 /* ViewController.swift */,
				00EB81922130C53F00CC0620 /* Main.storyboard */,
				00EB81952130C54300CC0620 /* Assets.xcassets */,
				00EB81972130C54300CC0620 /* LaunchScreen.storyboard */,
				00EB819A2130C54300CC0620 /* Info.plist */,
			);
			path = paypalDemo;
			sourceTree = "<group>";
		};
		049CF9914A6A3F2EDF61AF3E /* Pods */ = {
			isa = PBXGroup;
			children = (
				11FFEEA58553AA3C8C130AFE /* Pods-paypalDemo.debug.xcconfig */,
				F7D382748D8E19BDE9AC344E /* Pods-paypalDemo.release.xcconfig */,
			);
			name = Pods;
			sourceTree = "<group>";
		};
		DDC781196B2961D7FB9F32EE /* Frameworks */ = {
			isa = PBXGroup;
			children = (
				4DA9BE279B62A1AC19FE66AA /* Pods_paypalDemo.framework */,
			);
			name = Frameworks;
			sourceTree = "<group>";
		};
/* End PBXGroup section */

/* Begin PBXNativeTarget section */
		00EB818A2130C53F00CC0620 /* paypalDemo */ = {
			isa = PBXNativeTarget;
			buildConfigurationList = 00EB819D2130C54300CC0620 /* Build configuration list for PBXNativeTarget "paypalDemo" */;
			buildPhases = (
				3DD405A74441C0D6D2C6289F /* [CP] Check Pods Manifest.lock */,
				00EB81872130C53F00CC0620 /* Sources */,
				00EB81882130C53F00CC0620 /* Frameworks */,
				00EB81892130C53F00CC0620 /* Resources */,
				A4E1DB61252F871BAE437B24 /* [CP] Embed Pods Frameworks */,
			);
			buildRules = (
			);
			dependencies = (
			);
			name = paypalDemo;
			productName = paypalDemo;
			productReference = 00EB818B2130C53F00CC0620 /* paypalDemo.app */;
			productType = "com.apple.product-type.application";
		};
/* End PBXNativeTarget section */

/* Begin PBXProject section */
		00EB81832130C53F00CC0620 /* Project object */ = {
			isa = PBXProject;
			attributes = {
				LastSwiftUpdateCheck = 0940;
				LastUpgradeCheck = 0940;
				ORGANIZATIONNAME = Edwin;
				TargetAttributes = {
					00EB818A2130C53F00CC0620 = {
						CreatedOnToolsVersion = 9.4.1;
						SystemCapabilities = {
							com.apple.ApplePay = {
								enabled = 0;
							};
						};
					};
				};
			};
			buildConfigurationList = 00EB81862130C53F00CC0620 /* Build configuration list for PBXProject "paypalDemo" */;
			compatibilityVersion = "Xcode 9.3";
			developmentRegion = en;
			hasScannedForEncodings = 0;
			knownRegions = (
				en,
				Base,
			);
			mainGroup = 00EB81822130C53F00CC0620;
			productRefGroup = 00EB818C2130C53F00CC0620 /* Products */;
			projectDirPath = "";
			projectRoot = "";
			targets = (
				00EB818A2130C53F00CC0620 /* paypalDemo */,
			);
		};
/* End PBXProject section */

/* Begin PBXResourcesBuildPhase section */
		00EB81892130C53F00CC0620 /* Resources */ = {
			isa = PBXResourcesBuildPhase;
			buildActionMask = 2147483647;
			files = (
				00EB81992130C54300CC0620 /* LaunchScreen.storyboard in Resources */,
				00EB81962130C54300CC0620 /* Assets.xcassets in Resources */,
				00EB81942130C53F00CC0620 /* Main.storyboard in Resources */,
			);
			runOnlyForDeploymentPostprocessing = 0;
		};
/* End PBXResourcesBuildPhase section */

/* Begin PBXShellScriptBuildPhase section */
		3DD405A74441C0D6D2C6289F /* [CP] Check Pods Manifest.lock */ = {
			isa = PBXShellScriptBuildPhase;
			buildActionMask = 2147483647;
			files = (
			);
			inputPaths = (
				"${PODS_PODFILE_DIR_PATH}/Podfile.lock",
				"${PODS_ROOT}/Manifest.lock",
			);
			name = "[CP] Check Pods Manifest.lock";
			outputPaths = (
				"$(DERIVED_FILE_DIR)/Pods-paypalDemo-checkManifestLockResult.txt",
			);
			runOnlyForDeploymentPostprocessing = 0;
			shellPath = /bin/sh;
			shellScript = "diff \"${PODS_PODFILE_DIR_PATH}/Podfile.lock\" \"${PODS_ROOT}/Manifest.lock\" > /dev/null\nif [ $? != 0 ] ; then\n    # print error to STDERR\n    echo \"error: The sandbox is not in sync with the Podfile.lock. Run 'pod install' or update your CocoaPods installation.\" >&2\n    exit 1\nfi\n# This output is used by Xcode 'outputs' to avoid re-running this script phase.\necho \"SUCCESS\" > \"${SCRIPT_OUTPUT_FILE_0}\"\n";
			showEnvVarsInLog = 0;
		};
		A4E1DB61252F871BAE437B24 /* [CP] Embed Pods Frameworks */ = {
			isa = PBXShellScriptBuildPhase;
			buildActionMask = 2147483647;
			files = (
			);
			inputPaths = (
				"${SRCROOT}/Pods/Target Support Files/Pods-paypalDemo/Pods-paypalDemo-frameworks.sh",
				"${BUILT_PRODUCTS_DIR}/Alamofire/Alamofire.framework",
				"${BUILT_PRODUCTS_DIR}/Braintree/Braintree.framework",
				"${BUILT_PRODUCTS_DIR}/BraintreeDropIn/BraintreeDropIn.framework",
			);
			name = "[CP] Embed Pods Frameworks";
			outputPaths = (
				"${TARGET_BUILD_DIR}/${FRAMEWORKS_FOLDER_PATH}/Alamofire.framework",
				"${TARGET_BUILD_DIR}/${FRAMEWORKS_FOLDER_PATH}/Braintree.framework",
				"${TARGET_BUILD_DIR}/${FRAMEWORKS_FOLDER_PATH}/BraintreeDropIn.framework",
			);
			runOnlyForDeploymentPostprocessing = 0;
			shellPath = /bin/sh;
			shellScript = "\"${SRCROOT}/Pods/Target Support Files/Pods-paypalDemo/Pods-paypalDemo-frameworks.sh\"\n";
			showEnvVarsInLog = 0;
		};
/* End PBXShellScriptBuildPhase section */

/* Begin PBXSourcesBuildPhase section */
		00EB81872130C53F00CC0620 /* Sources */ = {
			isa = PBXSourcesBuildPhase;
			buildActionMask = 2147483647;
			files = (
				00EB81912130C53F00CC0620 /* ViewController.swift in Sources */,
				00EB818F2130C53F00CC0620 /* AppDelegate.swift in Sources */,
			);
			runOnlyForDeploymentPostprocessing = 0;
		};
/* End PBXSourcesBuildPhase section */

/* Begin PBXVariantGroup section */
		00EB81922130C53F00CC0620 /* Main.storyboard */ = {
			isa = PBXVariantGroup;
			children = (
				00EB81932130C53F00CC0620 /* Base */,
			);
			name = Main.storyboard;
			sourceTree = "<group>";
		};
		00EB81972130C54300CC0620 /* LaunchScreen.storyboard */ = {
			isa = PBXVariantGroup;
			children = (
				00EB81982130C54300CC0620 /* Base */,
			);
			name = LaunchScreen.storyboard;
			sourceTree = "<group>";
		};
/* End PBXVariantGroup section */

/* Begin XCBuildConfiguration section */
		00EB819B2130C54300CC0620 /* Debug */ = {
			isa = XCBuildConfiguration;
			buildSettings = {
				ALWAYS_SEARCH_USER_PATHS = NO;
				CLANG_ANALYZER_NONNULL = YES;
				CLANG_ANALYZER_NUMBER_OBJECT_CONVERSION = YES_AGGRESSIVE;
				CLANG_CXX_LANGUAGE_STANDARD = "gnu++14";
				CLANG_CXX_LIBRARY = "libc++";
				CLANG_ENABLE_MODULES = YES;
				CLANG_ENABLE_OBJC_ARC = YES;
				CLANG_ENABLE_OBJC_WEAK = YES;
				CLANG_WARN_BLOCK_CAPTURE_AUTORELEASING = YES;
				CLANG_WARN_BOOL_CONVERSION = YES;
				CLANG_WARN_COMMA = YES;
				CLANG_WARN_CONSTANT_CONVERSION = YES;
				CLANG_WARN_DEPRECATED_OBJC_IMPLEMENTATIONS = YES;
				CLANG_WARN_DIRECT_OBJC_ISA_USAGE = YES_ERROR;
				CLANG_WARN_DOCUMENTATION_COMMENTS = YES;
				CLANG_WARN_EMPTY_BODY = YES;
				CLANG_WARN_ENUM_CONVERSION = YES;
				CLANG_WARN_INFINITE_RECURSION = YES;
				CLANG_WARN_INT_CONVERSION = YES;
				CLANG_WARN_NON_LITERAL_NULL_CONVERSION = YES;
				CLANG_WARN_OBJC_IMPLICIT_RETAIN_SELF = YES;
				CLANG_WARN_OBJC_LITERAL_CONVERSION = YES;
				CLANG_WARN_OBJC_ROOT_CLASS = YES_ERROR;
				CLANG_WARN_RANGE_LOOP_ANALYSIS = YES;
				CLANG_WARN_STRICT_PROTOTYPES = YES;
				CLANG_WARN_SUSPICIOUS_MOVE = YES;
				CLANG_WARN_UNGUARDED_AVAILABILITY = YES_AGGRESSIVE;
				CLANG_WARN_UNREACHABLE_CODE = YES;
				CLANG_WARN__DUPLICATE_METHOD_MATCH = YES;
				CODE_SIGN_IDENTITY = "iPhone Developer";
				COPY_PHASE_STRIP = NO;
				DEBUG_INFORMATION_FORMAT = dwarf;
				ENABLE_STRICT_OBJC_MSGSEND = YES;
				ENABLE_TESTABILITY = YES;
				GCC_C_LANGUAGE_STANDARD = gnu11;
				GCC_DYNAMIC_NO_PIC = NO;
				GCC_NO_COMMON_BLOCKS = YES;
				GCC_OPTIMIZATION_LEVEL = 0;
				GCC_PREPROCESSOR_DEFINITIONS = (
					"DEBUG=1",
					"$(inherited)",
				);
				GCC_WARN_64_TO_32_BIT_CONVERSION = YES;
				GCC_WARN_ABOUT_RETURN_TYPE = YES_ERROR;
				GCC_WARN_UNDECLARED_SELECTOR = YES;
				GCC_WARN_UNINITIALIZED_AUTOS = YES_AGGRESSIVE;
				GCC_WARN_UNUSED_FUNCTION = YES;
				GCC_WARN_UNUSED_VARIABLE = YES;
				IPHONEOS_DEPLOYMENT_TARGET = 11.4;
				MTL_ENABLE_DEBUG_INFO = YES;
				ONLY_ACTIVE_ARCH = YES;
				SDKROOT = iphoneos;
				SWIFT_ACTIVE_COMPILATION_CONDITIONS = DEBUG;
				SWIFT_OPTIMIZATION_LEVEL = "-Onone";
			};
			name = Debug;
		};
		00EB819C2130C54300CC0620 /* Release */ = {
			isa = XCBuildConfiguration;
			buildSettings = {
				ALWAYS_SEARCH_USER_PATHS = NO;
				CLANG_ANALYZER_NONNULL = YES;
				CLANG_ANALYZER_NUMBER_OBJECT_CONVERSION = YES_AGGRESSIVE;
				CLANG_CXX_LANGUAGE_STANDARD = "gnu++14";
				CLANG_CXX_LIBRARY = "libc++";
				CLANG_ENABLE_MODULES = YES;
				CLANG_ENABLE_OBJC_ARC = YES;
				CLANG_ENABLE_OBJC_WEAK = YES;
				CLANG_WARN_BLOCK_CAPTURE_AUTORELEASING = YES;
				CLANG_WARN_BOOL_CONVERSION = YES;
				CLANG_WARN_COMMA = YES;
				CLANG_WARN_CONSTANT_CONVERSION = YES;
				CLANG_WARN_DEPRECATED_OBJC_IMPLEMENTATIONS = YES;
				CLANG_WARN_DIRECT_OBJC_ISA_USAGE = YES_ERROR;
				CLANG_WARN_DOCUMENTATION_COMMENTS = YES;
				CLANG_WARN_EMPTY_BODY = YES;
				CLANG_WARN_ENUM_CONVERSION = YES;
				CLANG_WARN_INFINITE_RECURSION = YES;
				CLANG_WARN_INT_CONVERSION = YES;
				CLANG_WARN_NON_LITERAL_NULL_CONVERSION = YES;
				CLANG_WARN_OBJC_IMPLICIT_RETAIN_SELF = YES;
				CLANG_WARN_OBJC_LITERAL_CONVERSION = YES;
				CLANG_WARN_OBJC_ROOT_CLASS = YES_ERROR;
				CLANG_WARN_RANGE_LOOP_ANALYSIS = YES;
				CLANG_WARN_STRICT_PROTOTYPES = YES;
				CLANG_WARN_SUSPICIOUS_MOVE = YES;
				CLANG_WARN_UNGUARDED_AVAILABILITY = YES_AGGRESSIVE;
				CLANG_WARN_UNREACHABLE_CODE = YES;
				CLANG_WARN__DUPLICATE_METHOD_MATCH = YES;
				CODE_SIGN_IDENTITY = "iPhone Developer";
				COPY_PHASE_STRIP = NO;
				DEBUG_INFORMATION_FORMAT = "dwarf-with-dsym";
				ENABLE_NS_ASSERTIONS = NO;
				ENABLE_STRICT_OBJC_MSGSEND = YES;
				GCC_C_LANGUAGE_STANDARD = gnu11;
				GCC_NO_COMMON_BLOCKS = YES;
				GCC_WARN_64_TO_32_BIT_CONVERSION = YES;
				GCC_WARN_ABOUT_RETURN_TYPE = YES_ERROR;
				GCC_WARN_UNDECLARED_SELECTOR = YES;
				GCC_WARN_UNINITIALIZED_AUTOS = YES_AGGRESSIVE;
				GCC_WARN_UNUSED_FUNCTION = YES;
				GCC_WARN_UNUSED_VARIABLE = YES;
				IPHONEOS_DEPLOYMENT_TARGET = 11.4;
				MTL_ENABLE_DEBUG_INFO = NO;
				SDKROOT = iphoneos;
				SWIFT_COMPILATION_MODE = wholemodule;
				SWIFT_OPTIMIZATION_LEVEL = "-O";
				VALIDATE_PRODUCT = YES;
			};
			name = Release;
		};
		00EB819E2130C54300CC0620 /* Debug */ = {
			isa = XCBuildConfiguration;
			baseConfigurationReference = 11FFEEA58553AA3C8C130AFE /* Pods-paypalDemo.debug.xcconfig */;
			buildSettings = {
				ASSETCATALOG_COMPILER_APPICON_NAME = AppIcon;
				CODE_SIGN_STYLE = Automatic;
				DEVELOPMENT_TEAM = "";
				INFOPLIST_FILE = paypalDemo/Info.plist;
				LD_RUNPATH_SEARCH_PATHS = (
					"$(inherited)",
					"@executable_path/Frameworks",
				);
				PRODUCT_BUNDLE_IDENTIFIER = com.Edwin.paypalDemo;
				PRODUCT_NAME = "$(TARGET_NAME)";
				SWIFT_OBJC_BRIDGING_HEADER = "Paypal-Header.h";
				SWIFT_VERSION = 4.0;
				TARGETED_DEVICE_FAMILY = "1,2";
			};
			name = Debug;
		};
		00EB819F2130C54300CC0620 /* Release */ = {
			isa = XCBuildConfiguration;
			baseConfigurationReference = F7D382748D8E19BDE9AC344E /* Pods-paypalDemo.release.xcconfig */;
			buildSettings = {
				ASSETCATALOG_COMPILER_APPICON_NAME = AppIcon;
				CODE_SIGN_STYLE = Automatic;
				DEVELOPMENT_TEAM = "";
				INFOPLIST_FILE = paypalDemo/Info.plist;
				LD_RUNPATH_SEARCH_PATHS = (
					"$(inherited)",
					"@executable_path/Frameworks",
				);
				PRODUCT_BUNDLE_IDENTIFIER = com.Edwin.paypalDemo;
				PRODUCT_NAME = "$(TARGET_NAME)";
				SWIFT_OBJC_BRIDGING_HEADER = "Paypal-Header.h";
				SWIFT_VERSION = 4.0;
				TARGETED_DEVICE_FAMILY = "1,2";
			};
			name = Release;
		};
/* End XCBuildConfiguration section */

/* Begin XCConfigurationList section */
		00EB81862130C53F00CC0620 /* Build configuration list for PBXProject "paypalDemo" */ = {
			isa = XCConfigurationList;
			buildConfigurations = (
				00EB819B2130C54300CC0620 /* Debug */,
				00EB819C2130C54300CC0620 /* Release */,
			);
			defaultConfigurationIsVisible = 0;
			defaultConfigurationName = Release;
		};
		00EB819D2130C54300CC0620 /* Build configuration list for PBXNativeTarget "paypalDemo" */ = {
			isa = XCConfigurationList;
			buildConfigurations = (
				00EB819E2130C54300CC0620 /* Debug */,
				00EB819F2130C54300CC0620 /* Release */,
			);
			defaultConfigurationIsVisible = 0;
			defaultConfigurationName = Release;
		};
/* End XCConfigurationList section */
	};
	rootObject = 00EB81832130C53F00CC0620 /* Project object */;
}
